{
  "lineage": "74c9a47d-cf28-fe68-00ba-9e784a374efe",
  "modules": [
    {
      "depends_on": [],
      "outputs": {
        "layout_version": {
          "sensitive": false,
          "type": "string",
          "value": "2"
        },
        "ssh_user": {
          "sensitive": false,
          "type": "string",
          "value": "ubuntu"
        }
      },
      "path": [
        "root"
      ],
      "resources": {

        "google_compute_instance.bastion.0": {
          "depends_on": [
          ],
          "deposed": [],
          "primary": {
            "attributes": {
              "name": "sg-infra-prod-bastion-0",
              "network_interface.#": "1",
              "network_interface.0.access_config.#": "1",
              "network_interface.0.access_config.0.assigned_nat_ip": "",
              "network_interface.0.access_config.0.nat_ip": "37.245.149.7",
              "network_interface.0.access_config.0.network_tier": "PREMIUM",
              "network_interface.0.access_config.0.public_ptr_domain_name": "",
              "network_interface.0.address": "",
              "network_interface.0.alias_ip_range.#": "0",
              "network_interface.0.name": "nic0",
              "network_interface.0.network_ip": "172.30.8.75",
              "network_interface.0.subnetwork_project": "tsengineering-sre",
              "project": "tsengineering-sre",
              "zone": "asia-southeast1-b"
            },
            "id": "sg-infra-prod-bastion-1",
            "tainted": false
          },
          "provider": "provider.google",
          "type": "google_compute_instance"
        },
        "google_compute_instance.bastion.1": {
          "depends_on": [
          ],
          "deposed": [],
          "primary": {
            "attributes": {
              "name": "sg-infra-prod-bastion-1",
              "network_interface.#": "1",
              "network_interface.0.access_config.#": "1",
              "network_interface.0.access_config.0.assigned_nat_ip": "",
              "network_interface.0.access_config.0.nat_ip": "34.245.149.7",
              "network_interface.0.access_config.0.network_tier": "PREMIUM",
              "network_interface.0.access_config.0.public_ptr_domain_name": "",
              "network_interface.0.address": "",
              "network_interface.0.alias_ip_range.#": "0",
              "network_interface.0.name": "nic0",
              "network_interface.0.network_ip": "172.30.8.157",
              "network_interface.0.subnetwork_project": "tsengineering-sre",
              "project": "tsengineering-sre",
              "zone": "asia-southeast1-b"
            },
            "id": "sg-infra-prod-bastion-1",
            "tainted": false
          },
          "provider": "provider.google",
          "type": "google_compute_instance"
        },
        "google_compute_instance.service.0": {
          "depends_on": [
            "google_compute_subnetwork.private",
            "null_resource.multiplier",
            "null_resource.zone_count",
            "null_resource.zones",
            "tls_private_key.service"
          ],
          "deposed": [],
          "primary": {
            "attributes": {
              "can_ip_forward": "false",
              "cpu_platform": "Intel Broadwell",
              "deletion_protection": "false",
              "guest_accelerator.#": "0",
              "hostname": "",
              "name": "sg-infra-prod-service-0",
              "network_interface.#": "1",
              "network_interface.0.access_config.#": "0",
              "network_interface.0.address": "",
              "network_interface.0.alias_ip_range.#": "0",
              "network_interface.0.name": "nic0",
              "network_interface.0.network_ip": "172.30.8.9",
              "network_interface.0.subnetwork_project": "tsengineering-sre",
              "project": "tsengineering-sre",
              "scheduling.#": "1",
              "zone": "asia-southeast1-a"
            },
            "id": "sg-infra-prod-service-0",
            "meta": {
              "e2bfb730-ecaa-11e6-8f88-34363bc7c4c0": {
                "create": 360000000000,
                "delete": 360000000000,
                "update": 360000000000
              },
              "schema_version": "6"
            },
            "tainted": false
          },
          "provider": "provider.google",
          "type": "google_compute_instance"
        },
        "google_compute_subnetwork.private": {
          "depends_on": [
            "google_compute_network.network"
          ],
          "deposed": [],
          "primary": {
            "attributes": {
              "creation_timestamp": "2019-04-02T08:37:06.187-07:00",
              "description": "",
              "enable_flow_logs": "false",
              "gateway_address": "172.30.8.1",
              "ip_cidr_range": "172.30.8.0/27",
              "private_ip_google_access": "false",
              "project": "tsengineering-sre",
              "secondary_ip_range.#": "0"
            },
            "id": "asia-southeast1/sg-infra-prod-private-0",
            "meta": {
            },
            "tainted": false
          },
          "provider": "provider.google",
          "type": "google_compute_subnetwork"
        },
        "google_compute_subnetwork.public": {
          "depends_on": [
            "google_compute_network.network"
          ],
          "deposed": [],
          "primary": {
            "attributes": {
              "creation_timestamp": "2019-04-02T08:37:05.747-07:00",
              "description": "",
              "ip_cidr_range": "172.30.8.128/27",
              "private_ip_google_access": "false",
              "project": "tsengineering-sre",
              "secondary_ip_range.#": "0"
            },
            "id": "asia-southeast1/sg-infra-prod-public-0",
            "meta": {
            },
            "tainted": false
          },
          "provider": "provider.google",
          "type": "google_compute_subnetwork"
        }
      }
    }
  ],
  "serial": 11,
  "terraform_version": "0.11.13",
  "version": 3
}
